[[package]]
name = "bokeh"
version = "2.4.3"
description = "Interactive plots and applications in the browser from Python"
category = "main"
optional = false
python-versions = ">=3.7"

[package.dependencies]
Jinja2 = ">=2.9"
numpy = ">=1.11.3"
packaging = ">=16.8"
pillow = ">=7.1.0"
PyYAML = ">=3.10"
tornado = ">=5.1"
typing-extensions = ">=3.10.0"

[[package]]
name = "certifi"
version = "2022.12.7"
description = "Python package for providing Mozilla's CA Bundle."
category = "main"
optional = false
python-versions = ">=3.6"

[[package]]
name = "charset-normalizer"
version = "2.1.1"
description = "The Real First Universal Charset Detector. Open, modern and actively maintained alternative to Chardet."
category = "main"
optional = false
python-versions = ">=3.6.0"

[package.extras]
unicode_backport = ["unicodedata2"]

[[package]]
name = "click"
version = "8.1.3"
description = "Composable command line interface toolkit"
category = "main"
optional = false
python-versions = ">=3.7"

[package.dependencies]
colorama = {version = "*", markers = "platform_system == \"Windows\""}

[[package]]
name = "cloudpickle"
version = "2.2.0"
description = "Extended pickling support for Python objects"
category = "main"
optional = false
python-versions = ">=3.6"

[[package]]
name = "colorama"
version = "0.4.6"
description = "Cross-platform colored terminal text."
category = "main"
optional = false
python-versions = "!=3.0.*,!=3.1.*,!=3.2.*,!=3.3.*,!=3.4.*,!=3.5.*,!=3.6.*,>=2.7"

[[package]]
name = "croniter"
version = "1.3.8"
description = "croniter provides iteration for datetime object with cron like format"
category = "main"
optional = false
python-versions = ">=2.6, !=3.0.*, !=3.1.*, !=3.2.*, !=3.3.*"

[package.dependencies]
python-dateutil = "*"

[[package]]
name = "dask"
version = "2022.12.0"
description = "Parallel PyData with Task Scheduling"
category = "main"
optional = false
python-versions = ">=3.8"

[package.dependencies]
bokeh = {version = ">=2.4.2,<3", optional = true, markers = "extra == \"complete\""}
click = ">=7.0"
cloudpickle = ">=1.1.1"
distributed = {version = "2022.12.0", optional = true, markers = "extra == \"complete\""}
fsspec = ">=0.6.0"
jinja2 = {version = "*", optional = true, markers = "extra == \"complete\""}
numpy = {version = ">=1.18", optional = true, markers = "extra == \"complete\""}
packaging = ">=20.0"
pandas = {version = ">=1.0", optional = true, markers = "extra == \"complete\""}
partd = ">=0.3.10"
pyyaml = ">=5.3.1"
toolz = ">=0.8.2"

[package.extras]
array = ["numpy (>=1.18)"]
complete = ["bokeh (>=2.4.2,<3)", "distributed (==2022.12.0)", "jinja2", "numpy (>=1.18)", "pandas (>=1.0)"]
dataframe = ["numpy (>=1.18)", "pandas (>=1.0)"]
diagnostics = ["bokeh (>=2.4.2,<3)", "jinja2"]
distributed = ["distributed (==2022.12.0)"]
test = ["pandas", "pytest", "pytest-rerunfailures", "pytest-xdist", "pre-commit"]

[[package]]
name = "distributed"
version = "2022.12.0"
description = "Distributed scheduler for Dask"
category = "main"
optional = false
python-versions = ">=3.8"

[package.dependencies]
click = ">=7.0"
cloudpickle = ">=1.5.0"
dask = "2022.12.0"
jinja2 = "*"
locket = ">=1.0.0"
msgpack = ">=0.6.0"
packaging = ">=20.0"
psutil = ">=5.0"
pyyaml = "*"
sortedcontainers = "<2.0.0 || >2.0.0,<2.0.1 || >2.0.1"
tblib = ">=1.6.0"
toolz = ">=0.10.0"
tornado = ">=6.0.3"
urllib3 = "*"
zict = ">=0.1.3"

[[package]]
name = "docker"
version = "6.0.1"
description = "A Python library for the Docker Engine API."
category = "main"
optional = false
python-versions = ">=3.7"

[package.dependencies]
packaging = ">=14.0"
pywin32 = {version = ">=304", markers = "sys_platform == \"win32\""}
requests = ">=2.26.0"
urllib3 = ">=1.26.0"
websocket-client = ">=0.32.0"

[package.extras]
ssh = ["paramiko (>=2.4.3)"]

[[package]]
name = "fsspec"
version = "2022.11.0"
description = "File-system specification"
category = "main"
optional = false
python-versions = ">=3.7"

[package.extras]
abfs = ["adlfs"]
adl = ["adlfs"]
arrow = ["pyarrow (>=1)"]
dask = ["dask", "distributed"]
dropbox = ["dropboxdrivefs", "requests", "dropbox"]
entrypoints = ["importlib-metadata"]
fuse = ["fusepy"]
gcs = ["gcsfs"]
git = ["pygit2"]
github = ["requests"]
gs = ["gcsfs"]
gui = ["panel"]
hdfs = ["pyarrow (>=1)"]
http = ["requests", "aiohttp (!=4.0.0a0,!=4.0.0a1)"]
libarchive = ["libarchive-c"]
oci = ["ocifs"]
s3 = ["s3fs"]
sftp = ["paramiko"]
smb = ["smbprotocol"]
ssh = ["paramiko"]
tqdm = ["tqdm"]

[[package]]
name = "heapdict"
version = "1.0.1"
description = "a heap with decrease-key and increase-key operations"
category = "main"
optional = false
python-versions = "*"

[[package]]
name = "idna"
version = "3.4"
description = "Internationalized Domain Names in Applications (IDNA)"
category = "main"
optional = false
python-versions = ">=3.5"

[[package]]
name = "importlib-resources"
version = "5.10.1"
description = "Read resources from Python packages"
category = "main"
optional = false
python-versions = ">=3.7"

[package.dependencies]
zipp = {version = ">=3.1.0", markers = "python_version < \"3.10\""}

[package.extras]
docs = ["sphinx (>=3.5)", "jaraco.packaging (>=9)", "rst.linker (>=1.9)", "furo", "jaraco.tidelift (>=1.4)"]
testing = ["pytest (>=6)", "pytest-checkdocs (>=2.4)", "flake8 (<5)", "pytest-cov", "pytest-enabler (>=1.3)", "pytest-black (>=0.3.7)", "pytest-mypy (>=0.9.1)", "pytest-flake8"]

[[package]]
name = "jinja2"
version = "3.1.2"
description = "A very fast and expressive template engine."
category = "main"
optional = false
python-versions = ">=3.7"

[package.dependencies]
MarkupSafe = ">=2.0"

[package.extras]
i18n = ["Babel (>=2.7)"]

[[package]]
name = "locket"
version = "1.0.0"
description = "File-based locks for Python on Linux and Windows"
category = "main"
optional = false
python-versions = ">=2.7, !=3.0.*, !=3.1.*, !=3.2.*, !=3.3.*"

[[package]]
name = "markupsafe"
version = "2.1.1"
description = "Safely add untrusted strings to HTML/XML markup."
category = "main"
optional = false
python-versions = ">=3.7"

[[package]]
name = "marshmallow"
version = "3.19.0"
description = "A lightweight library for converting complex datatypes to and from native Python datatypes."
category = "main"
optional = false
python-versions = ">=3.7"

[package.dependencies]
packaging = ">=17.0"

[package.extras]
dev = ["pytest", "pytz", "simplejson", "mypy (==0.990)", "flake8 (==5.0.4)", "flake8-bugbear (==22.10.25)", "pre-commit (>=2.4,<3.0)", "tox"]
docs = ["sphinx (==5.3.0)", "sphinx-issues (==3.0.1)", "alabaster (==0.7.12)", "sphinx-version-warning (==1.1.2)", "autodocsumm (==0.2.9)"]
lint = ["mypy (==0.990)", "flake8 (==5.0.4)", "flake8-bugbear (==22.10.25)", "pre-commit (>=2.4,<3.0)"]
tests = ["pytest", "pytz", "simplejson"]

[[package]]
name = "marshmallow-oneofschema"
version = "3.0.1"
description = "marshmallow multiplexing schema"
category = "main"
optional = false
python-versions = ">=3.6"

[package.dependencies]
marshmallow = ">=3.0.0,<4.0.0"

[package.extras]
dev = ["pytest", "mock", "flake8 (==3.9.2)", "flake8-bugbear (==21.4.3)", "pre-commit (>=2.7,<3.0)", "tox"]
lint = ["flake8 (==3.9.2)", "flake8-bugbear (==21.4.3)", "pre-commit (>=2.7,<3.0)"]
tests = ["pytest", "mock"]

[[package]]
name = "msgpack"
version = "1.0.4"
description = "MessagePack serializer"
category = "main"
optional = false
python-versions = "*"

[[package]]
name = "mypy-extensions"
version = "0.4.3"
description = "Experimental type system extensions for programs checked with the mypy typechecker."
category = "main"
optional = false
python-versions = "*"

[[package]]
name = "numpy"
version = "1.23.5"
description = "NumPy is the fundamental package for array computing with Python."
category = "main"
optional = false
python-versions = ">=3.8"

[[package]]
name = "packaging"
version = "22.0"
description = "Core utilities for Python packages"
category = "main"
optional = false
python-versions = ">=3.7"

[[package]]
name = "pandas"
version = "1.5.2"
description = "Powerful data structures for data analysis, time series, and statistics"
category = "main"
optional = false
python-versions = ">=3.8"

[package.dependencies]
numpy = [
    {version = ">=1.20.3", markers = "python_version < \"3.10\""},
    {version = ">=1.21.0", markers = "python_version >= \"3.10\""},
    {version = ">=1.23.2", markers = "python_version >= \"3.11\""},
]
python-dateutil = ">=2.8.1"
pytz = ">=2020.1"

[package.extras]
test = ["hypothesis (>=5.5.3)", "pytest (>=6.0)", "pytest-xdist (>=1.31)"]

[[package]]
name = "partd"
version = "1.3.0"
description = "Appendable key-value storage"
category = "main"
optional = false
python-versions = ">=3.7"

[package.dependencies]
locket = "*"
toolz = "*"

[package.extras]
complete = ["numpy (>=1.9.0)", "pandas (>=0.19.0)", "pyzmq", "blosc"]

[[package]]
name = "pendulum"
version = "2.1.2"
description = "Python datetimes made easy"
category = "main"
optional = false
python-versions = ">=2.7, !=3.0.*, !=3.1.*, !=3.2.*, !=3.3.*, !=3.4.*"

[package.dependencies]
python-dateutil = ">=2.6,<3.0"
pytzdata = ">=2020.1"

[[package]]
name = "pillow"
version = "9.3.0"
description = "Python Imaging Library (Fork)"
category = "main"
optional = false
python-versions = ">=3.7"

[package.extras]
docs = ["furo", "olefile", "sphinx (>=2.4)", "sphinx-copybutton", "sphinx-issues (>=3.0.1)", "sphinx-removed-in", "sphinxext-opengraph"]
tests = ["check-manifest", "coverage", "defusedxml", "markdown2", "olefile", "packaging", "pyroma", "pytest", "pytest-cov", "pytest-timeout"]

[[package]]
name = "prefect"
version = "1.4.1"
description = "The Prefect Core automation and scheduling engine."
category = "main"
optional = false
python-versions = ">=3.7"

[package.dependencies]
click = ">=7.0"
cloudpickle = ">=1.3.0"
croniter = ">=0.3.24"
dask = ">=2021.06.0"
distributed = ">=2.17.0"
docker = ">=3.4.1"
importlib-resources = ">=3.0.0"
marshmallow = ">=3.0.0b19"
marshmallow-oneofschema = ">=2.0.0b2"
msgpack = ">=0.6.0"
mypy-extensions = ">=0.4.0"
packaging = ">=20.0"
pendulum = ">=2.0.4"
python-box = ">=5.1.0"
python-dateutil = ">=2.7.0"
python-slugify = ">=1.2.6"
pytz = ">=2018.7"
pyyaml = ">=3.13"
requests = ">=2.25"
tabulate = ">=0.8.0"
toml = ">=0.9.4"
urllib3 = ">=1.26.0"

[package.extras]
airtable = ["airtable-python-wrapper (>=0.11)"]
all_extras = ["airtable-python-wrapper (>=0.11)", "boto3 (>=1.9)", "azure-core (>=1.10.0)", "azure-cosmos (>=3.1.1)", "azure-mgmt-datafactory (>=2.7.0)", "azure-storage-blob (>=12.1.0)", "azure-identity (>=1.7.0)", "azureml-sdk", "atlassian-python-api (>=2.0.1)", "dask-cloudprovider[aws] (>=0.2.0)", "black", "graphviz (>=0.8)", "jinja2 (>=2.0,<4.0)", "Pygments (>=2.2,<3.0)", "pytest (>=6.0)", "testfixtures (>=6.10.3)", "pytest-env (>=0.6.0)", "pytest-xdist (>=2.0)", "flaky (>=3.0)", "responses (>=0.14.0)", "PyJWT (>=2.3.0)", "freezegun (>=1.0.0)", "pydantic (>=1.9.0)", "dropbox (>=9.0,<10.0)", "firebolt-sdk (>=0.2.1)", "great-expectations (>=0.13.8)", "sqlalchemy-redshift (>=0.8.11)", "google-cloud-bigquery (>=1.6.0)", "google-cloud-secret-manager (>=2.4.0)", "google-cloud-storage (>=1.13)", "google-cloud-aiplatform (>=1.4.0)", "google-auth (>=2.0)", "dulwich (>=0.19.7)", "PyGithub (>=1.51)", "python-gitlab (>=2.5.0)", "gspread (>=3.6.0)", "jira (>=2.0.0)", "papermill (>=2.2.0)", "nbconvert (>=6.0.7)", "ipykernel (>=6.9.2)", "confluent-kafka (>=1.7.0)", "dask-kubernetes (>=0.8.0)", "kubernetes (>=9.0.0a1)", "pandas (>=1.0.1)", "psycopg2-binary (>=2.8.2)", "prometheus-client (>=0.9.0)", "pymysql (>=0.9.3)", "pyodbc (>=4.0.30)", "pushbullet.py (>=0.11.0)", "redis (>=3.2.1)", "feedparser (>=5.0.1)", "snowflake-connector-python (>=1.8.2)", "spacy (>=2.0.0)", "jinja2 (>=2.0)", "hvac (>=0.10)", "graphviz (>=0.8.3)", "tweepy (>=3.5)", "pyarrow (>=5.0.0)", "pyexasol (>=0.16.1)", "soda-sql (>=2.0.0b25)", "soda-spark (>=0.2.1)", "sendgrid (>=6.7.0)", "py2neo (>=2021.2.3)", "transform (>=1.0.12)", "paramiko (>=2.10.4)", "toloka-kit (>=0.1.25)"]
all_orchestration_extras = ["boto3 (>=1.9)", "azure-storage-blob (>=12.1.0)", "azure-identity (>=1.7.0)", "atlassian-python-api (>=2.0.1)", "google-cloud-secret-manager (>=2.4.0)", "google-cloud-storage (>=1.13)", "google-cloud-aiplatform (>=1.4.0)", "google-auth (>=2.0)", "dulwich (>=0.19.7)", "PyGithub (>=1.51)", "python-gitlab (>=2.5.0)", "kubernetes (>=9.0.0a1)"]
aws = ["boto3 (>=1.9)"]
azure = ["azure-core (>=1.10.0)", "azure-cosmos (>=3.1.1)", "azure-mgmt-datafactory (>=2.7.0)", "azure-storage-blob (>=12.1.0)", "azure-identity (>=1.7.0)"]
azureml = ["azureml-sdk"]
base_library_ci = ["boto3 (>=1.9)", "azure-storage-blob (>=12.1.0)", "azure-identity (>=1.7.0)", "atlassian-python-api (>=2.0.1)", "google-cloud-secret-manager (>=2.4.0)", "google-cloud-storage (>=1.13)", "google-cloud-aiplatform (>=1.4.0)", "google-auth (>=2.0)", "dulwich (>=0.19.7)", "PyGithub (>=1.51)", "python-gitlab (>=2.5.0)", "kubernetes (>=9.0.0a1)", "black", "graphviz (>=0.8)", "jinja2 (>=2.0,<4.0)", "Pygments (>=2.2,<3.0)", "pytest (>=6.0)", "testfixtures (>=6.10.3)", "pytest-env (>=0.6.0)", "pytest-xdist (>=2.0)", "flaky (>=3.0)", "responses (>=0.14.0)", "PyJWT (>=2.3.0)", "freezegun (>=1.0.0)", "pandas (>=1.0.1)", "jira (>=2.0.0)"]
bitbucket = ["atlassian-python-api (>=2.0.1)"]
cubejs = ["PyJWT (>=2.3.0)"]
dask_cloudprovider = ["dask-cloudprovider[aws] (>=0.2.0)"]
databricks = ["pydantic (>=1.9.0)"]
dev = ["black", "graphviz (>=0.8)", "jinja2 (>=2.0,<4.0)", "Pygments (>=2.2,<3.0)", "pytest (>=6.0)", "testfixtures (>=6.10.3)", "pytest-env (>=0.6.0)", "pytest-xdist (>=2.0)", "flaky (>=3.0)", "responses (>=0.14.0)", "PyJWT (>=2.3.0)", "freezegun (>=1.0.0)"]
dremio = ["pyarrow (>=5.0.0)"]
dropbox = ["dropbox (>=9.0,<10.0)"]
exasol = ["pyexasol (>=0.16.1)"]
firebolt = ["firebolt-sdk (>=0.2.1)"]
gcp = ["google-cloud-bigquery (>=1.6.0)", "google-cloud-secret-manager (>=2.4.0)", "google-cloud-storage (>=1.13)", "google-cloud-aiplatform (>=1.4.0)", "google-auth (>=2.0)"]
ge = ["great-expectations (>=0.13.8)", "sqlalchemy-redshift (>=0.8.11)"]
git = ["dulwich (>=0.19.7)"]
github = ["PyGithub (>=1.51)"]
gitlab = ["python-gitlab (>=2.5.0)"]
google = ["google-cloud-bigquery (>=1.6.0)", "google-cloud-secret-manager (>=2.4.0)", "google-cloud-storage (>=1.13)", "google-cloud-aiplatform (>=1.4.0)", "google-auth (>=2.0)"]
gsheets = ["gspread (>=3.6.0)"]
jira = ["jira (>=2.0.0)"]
jupyter = ["papermill (>=2.2.0)", "nbconvert (>=6.0.7)", "ipykernel (>=6.9.2)"]
kafka = ["confluent-kafka (>=1.7.0)"]
kubernetes = ["dask-kubernetes (>=0.8.0)", "kubernetes (>=9.0.0a1)"]
mysql = ["pymysql (>=0.9.3)"]
neo4j = ["py2neo (>=2021.2.3)"]
pandas = ["pandas (>=1.0.1)"]
postgres = ["psycopg2-binary (>=2.8.2)"]
prometheus = ["prometheus-client (>=0.9.0)"]
pushbullet = ["pushbullet.py (>=0.11.0)"]
redis = ["redis (>=3.2.1)"]
rss = ["feedparser (>=5.0.1)"]
sendgrid = ["sendgrid (>=6.7.0)"]
sftp = ["paramiko (>=2.10.4)"]
snowflake = ["snowflake-connector-python (>=1.8.2)"]
sodaspark = ["soda-spark (>=0.2.1)"]
sodasql = ["soda-sql (>=2.0.0b25)"]
spacy = ["spacy (>=2.0.0)"]
sql_server = ["pyodbc (>=4.0.30)"]
task_library_ci = ["airtable-python-wrapper (>=0.11)", "boto3 (>=1.9)", "azure-core (>=1.10.0)", "azure-cosmos (>=3.1.1)", "azure-mgmt-datafactory (>=2.7.0)", "azure-storage-blob (>=12.1.0)", "azure-identity (>=1.7.0)", "azureml-sdk", "atlassian-python-api (>=2.0.1)", "black", "graphviz (>=0.8)", "jinja2 (>=2.0,<4.0)", "Pygments (>=2.2,<3.0)", "pytest (>=6.0)", "testfixtures (>=6.10.3)", "pytest-env (>=0.6.0)", "pytest-xdist (>=2.0)", "flaky (>=3.0)", "responses (>=0.14.0)", "PyJWT (>=2.3.0)", "freezegun (>=1.0.0)", "pydantic (>=1.9.0)", "dropbox (>=9.0,<10.0)", "firebolt-sdk (>=0.2.1)", "great-expectations (>=0.13.8)", "sqlalchemy-redshift (>=0.8.11)", "google-cloud-bigquery (>=1.6.0)", "google-cloud-secret-manager (>=2.4.0)", "google-cloud-storage (>=1.13)", "google-cloud-aiplatform (>=1.4.0)", "google-auth (>=2.0)", "dulwich (>=0.19.7)", "PyGithub (>=1.51)", "python-gitlab (>=2.5.0)", "gspread (>=3.6.0)", "jira (>=2.0.0)", "papermill (>=2.2.0)", "nbconvert (>=6.0.7)", "ipykernel (>=6.9.2)", "confluent-kafka (>=1.7.0)", "dask-kubernetes (>=0.8.0)", "kubernetes (>=9.0.0a1)", "pandas (>=1.0.1)", "psycopg2-binary (>=2.8.2)", "prometheus-client (>=0.9.0)", "pymysql (>=0.9.3)", "pushbullet.py (>=0.11.0)", "redis (>=3.2.1)", "feedparser (>=5.0.1)", "snowflake-connector-python (>=1.8.2)", "spacy (>=2.0.0)", "jinja2 (>=2.0)", "hvac (>=0.10)", "graphviz (>=0.8.3)", "tweepy (>=3.5)", "pyarrow (>=5.0.0)", "pyexasol (>=0.16.1)", "sendgrid (>=6.7.0)", "py2neo (>=2021.2.3)", "transform (>=1.0.12)", "paramiko (>=2.10.4)", "toloka-kit (>=0.1.25)"]
templates = ["jinja2 (>=2.0)"]
test = ["pytest (>=6.0)", "testfixtures (>=6.10.3)", "pytest-env (>=0.6.0)", "pytest-xdist (>=2.0)", "flaky (>=3.0)", "responses (>=0.14.0)", "PyJWT (>=2.3.0)", "freezegun (>=1.0.0)"]
toloka = ["toloka-kit (>=0.1.25)"]
transform = ["transform (>=1.0.12)"]
twitter = ["tweepy (>=3.5)"]
vault = ["hvac (>=0.10)"]
viz = ["graphviz (>=0.8.3)"]

[[package]]
name = "psutil"
version = "5.9.4"
description = "Cross-platform lib for process and system monitoring in Python."
category = "main"
optional = false
python-versions = ">=2.7, !=3.0.*, !=3.1.*, !=3.2.*, !=3.3.*"

[package.extras]
test = ["ipaddress", "mock", "enum34", "pywin32", "wmi"]

[[package]]
name = "python-box"
version = "6.1.0"
description = "Advanced Python dictionaries with dot notation access"
category = "main"
optional = false
python-versions = ">=3.7"

[package.extras]
pyyaml = ["pyyaml"]
all = ["ruamel.yaml (>=0.17)", "toml", "msgpack"]
msgpack = ["msgpack"]
"ruamel.yaml" = ["ruamel.yaml (>=0.17)"]
toml = ["toml"]
tomli = ["tomli-w", "tomli"]
yaml = ["ruamel.yaml (>=0.17)"]

[[package]]
name = "python-dateutil"
version = "2.8.2"
description = "Extensions to the standard Python datetime module"
category = "main"
optional = false
python-versions = "!=3.0.*,!=3.1.*,!=3.2.*,>=2.7"

[package.dependencies]
six = ">=1.5"

[[package]]
name = "python-slugify"
version = "7.0.0"
description = "A Python slugify application that also handles Unicode"
category = "main"
optional = false
python-versions = ">=3.7"

[package.dependencies]
text-unidecode = ">=1.3"

[package.extras]
unidecode = ["Unidecode (>=1.1.1)"]

[[package]]
name = "pytz"
version = "2022.6"
description = "World timezone definitions, modern and historical"
category = "main"
optional = false
python-versions = "*"

[[package]]
name = "pytzdata"
version = "2020.1"
description = "The Olson timezone database for Python."
category = "main"
optional = false
python-versions = ">=2.7, !=3.0.*, !=3.1.*, !=3.2.*, !=3.3.*"

[[package]]
name = "pywin32"
version = "305"
description = "Python for Window Extensions"
category = "main"
optional = false
python-versions = "*"

[[package]]
name = "pyyaml"
version = "6.0"
description = "YAML parser and emitter for Python"
category = "main"
optional = false
python-versions = ">=3.6"

[[package]]
name = "requests"
version = "2.28.1"
description = "Python HTTP for Humans."
category = "main"
optional = false
python-versions = ">=3.7, <4"

[package.dependencies]
certifi = ">=2017.4.17"
charset-normalizer = ">=2,<3"
idna = ">=2.5,<4"
urllib3 = ">=1.21.1,<1.27"

[package.extras]
socks = ["PySocks (>=1.5.6,!=1.5.7)"]
use_chardet_on_py3 = ["chardet (>=3.0.2,<6)"]

[[package]]
name = "six"
version = "1.16.0"
description = "Python 2 and 3 compatibility utilities"
category = "main"
optional = false
python-versions = ">=2.7, !=3.0.*, !=3.1.*, !=3.2.*"

[[package]]
name = "sortedcontainers"
version = "2.4.0"
description = "Sorted Containers -- Sorted List, Sorted Dict, Sorted Set"
category = "main"
optional = false
python-versions = "*"

[[package]]
name = "tabulate"
version = "0.9.0"
description = "Pretty-print tabular data"
category = "main"
optional = false
python-versions = ">=3.7"

[package.extras]
widechars = ["wcwidth"]

[[package]]
name = "tblib"
version = "1.7.0"
description = "Traceback serialization library."
category = "main"
optional = false
python-versions = ">=2.7, !=3.0.*, !=3.1.*, !=3.2.*, !=3.3.*, !=3.4.*"

[[package]]
name = "text-unidecode"
version = "1.3"
description = "The most basic Text::Unidecode port"
category = "main"
optional = false
python-versions = "*"

[[package]]
name = "toml"
version = "0.10.2"
description = "Python Library for Tom's Obvious, Minimal Language"
category = "main"
optional = false
python-versions = ">=2.6, !=3.0.*, !=3.1.*, !=3.2.*"

[[package]]
name = "toolz"
version = "0.12.0"
description = "List processing tools and functional utilities"
category = "main"
optional = false
python-versions = ">=3.5"

[[package]]
name = "tornado"
version = "6.2"
description = "Tornado is a Python web framework and asynchronous networking library, originally developed at FriendFeed."
category = "main"
optional = false
python-versions = ">= 3.7"

[[package]]
name = "typing-extensions"
version = "4.4.0"
description = "Backported and Experimental Type Hints for Python 3.7+"
category = "main"
optional = false
python-versions = ">=3.7"

[[package]]
name = "urllib3"
version = "1.26.13"
description = "HTTP library with thread-safe connection pooling, file post, and more."
category = "main"
optional = false
python-versions = ">=2.7, !=3.0.*, !=3.1.*, !=3.2.*, !=3.3.*, !=3.4.*, !=3.5.*"

[package.extras]
brotli = ["brotlicffi (>=0.8.0)", "brotli (>=1.0.9)", "brotlipy (>=0.6.0)"]
secure = ["pyOpenSSL (>=0.14)", "cryptography (>=1.3.4)", "idna (>=2.0.0)", "certifi", "urllib3-secure-extra", "ipaddress"]
socks = ["PySocks (>=1.5.6,!=1.5.7,<2.0)"]

[[package]]
name = "websocket-client"
version = "1.4.2"
description = "WebSocket client for Python with low level API options"
category = "main"
optional = false
python-versions = ">=3.7"

[package.extras]
docs = ["Sphinx (>=3.4)", "sphinx-rtd-theme (>=0.5)"]
optional = ["python-socks", "wsaccel"]
test = ["websockets"]

[[package]]
name = "zict"
version = "2.2.0"
description = "Mutable mapping tools"
category = "main"
optional = false
python-versions = ">=3.7"

[package.dependencies]
heapdict = "*"

[[package]]
name = "zipp"
version = "3.11.0"
description = "Backport of pathlib-compatible object wrapper for zip files"
category = "main"
optional = false
python-versions = ">=3.7"

[package.extras]
docs = ["sphinx (>=3.5)", "jaraco.packaging (>=9)", "rst.linker (>=1.9)", "furo", "jaraco.tidelift (>=1.4)"]
testing = ["pytest (>=6)", "pytest-checkdocs (>=2.4)", "flake8 (<5)", "pytest-cov", "pytest-enabler (>=1.3)", "jaraco.itertools", "func-timeout", "jaraco.functools", "more-itertools", "pytest-black (>=0.3.7)", "pytest-mypy (>=0.9.1)", "pytest-flake8"]

[metadata]
lock-version = "1.1"
python-versions = "^3.9"
content-hash = "ef9870122ae15c19a0b6832770dad3c21d2c6c7cf89b9e1f921969431c90b5b1"

[metadata.files]
bokeh = []
certifi = []
charset-normalizer = []
click = []
cloudpickle = []
colorama = []
croniter = []
dask = []
distributed = []
docker = []
fsspec = []
heapdict = []
idna = []
importlib-resources = []
jinja2 = []
locket = []
markupsafe = []
marshmallow = []
marshmallow-oneofschema = []
msgpack = []
mypy-extensions = []
numpy = []
packaging = []
pandas = []
partd = []
pendulum = []
pillow = []
prefect = []
psutil = []
python-box = []
python-dateutil = []
python-slugify = []
pytz = []
pytzdata = []
pywin32 = []
pyyaml = []
requests = []
six = []
sortedcontainers = []
tabulate = []
tblib = []
text-unidecode = []
toml = []
toolz = []
tornado = []
typing-extensions = []
urllib3 = []
websocket-client = []
zict = []
zipp = []
